{
  "version": 1,
  "dependencies": {
    "net10.0": {
      "Microsoft.Extensions.Diagnostics.HealthChecks.EntityFrameworkCore": {
        "type": "Direct",
        "requested": "[10.0.3, )",
        "resolved": "10.0.3",
        "contentHash": "iS+BIH8VkzR9ox57Jm6YLlYW9VfcaDL5b05f8acl2lK9goVDJJq6qbfuLarW9PDf3Vrxv05SEk8bYQkhZDfVow==",
        "dependencies": {
          "Microsoft.EntityFrameworkCore.Relational": "10.0.3"
        }
      },
      "OpenTelemetry.Exporter.Console": {
        "type": "Direct",
        "requested": "[1.12.0, )",
        "resolved": "1.12.0",
        "contentHash": "0sxyasnQ1B4YzvVbu9onZZ0WXGEQsuKqkaebsSlSMHHxMXCFvr6Ce2ABvU8p28AcEWPyu5k56fWYBa3fPvQFSQ==",
        "dependencies": {
          "OpenTelemetry": "1.12.0"
        }
      },
      "OpenTelemetry.Extensions.Hosting": {
        "type": "Direct",
        "requested": "[1.12.0, )",
        "resolved": "1.12.0",
        "contentHash": "6/8O6rsJRwslg5/Fm3bscBelw4Yh9T9CN24p7cAsuEFkrmmeSO9gkYUCK02Qi+CmPM2KHYTLjKi0lJaCsDMWQA==",
        "dependencies": {
          "OpenTelemetry": "1.12.0"
        }
      },
      "Serilog.Extensions.Hosting": {
        "type": "Direct",
        "requested": "[9.0.0, )",
        "resolved": "9.0.0",
        "contentHash": "u2TRxuxbjvTAldQn7uaAwePkWxTHIqlgjelekBtilAGL5sYyF3+65NWctN4UrwwGLsDC7c3Vz3HnOlu+PcoxXg==",
        "dependencies": {
          "Serilog": "4.2.0",
          "Serilog.Extensions.Logging": "9.0.0"
        }
      },
      "Serilog.Formatting.Compact": {
        "type": "Direct",
        "requested": "[3.0.0, )",
        "resolved": "3.0.0",
        "contentHash": "wQsv14w9cqlfB5FX2MZpNsTawckN4a8dryuNGbebB/3Nh1pXnROHZov3swtu3Nj5oNG7Ba+xdu7Et/ulAUPanQ==",
        "dependencies": {
          "Serilog": "4.0.0"
        }
      },
      "Serilog.Settings.Configuration": {
        "type": "Direct",
        "requested": "[9.0.0, )",
        "resolved": "9.0.0",
        "contentHash": "4/Et4Cqwa+F88l5SeFeNZ4c4Z6dEAIKbu3MaQb2Zz9F/g27T5a3wvfMcmCOaAiACjfUb4A6wrlTVfyYUZk3RRQ==",
        "dependencies": {
          "Microsoft.Extensions.DependencyModel": "9.0.0",
          "Serilog": "4.2.0"
        }
      },
      "Serilog.Sinks.Console": {
        "type": "Direct",
        "requested": "[6.0.0, )",
        "resolved": "6.0.0",
        "contentHash": "fQGWqVMClCP2yEyTXPIinSr5c+CBGUvBybPxjAGcf7ctDhadFhrQw03Mv8rJ07/wR5PDfFjewf2LimvXCDzpbA==",
        "dependencies": {
          "Serilog": "4.0.0"
        }
      },
      "Microsoft.EntityFrameworkCore": {
        "type": "Transitive",
        "resolved": "10.0.4",
        "contentHash": "kzTsfFK2GCytp6DDTfQOmxPU4gbGdrIlP7PxrxF3ESNLtfXrC8BoUVZENBN2WORlZPAD7CVX6AYIglgkpXQooA==",
        "dependencies": {
          "Microsoft.EntityFrameworkCore.Abstractions": "10.0.4",
          "Microsoft.EntityFrameworkCore.Analyzers": "10.0.4"
        }
      },
      "Microsoft.EntityFrameworkCore.Abstractions": {
        "type": "Transitive",
        "resolved": "10.0.4",
        "contentHash": "qDcJqCfN1XYyX0ID/Hd9/kQTRvlia8S+Yuwyl9uFhBIKnOCbl9WMdGQCzbZUKbkpkfvf3P9CDdXsnxHyE3O0Aw=="
      },
      "Microsoft.EntityFrameworkCore.Analyzers": {
        "type": "Transitive",
        "resolved": "10.0.4",
        "contentHash": "pQeMHCyD3yTtCEGnHV4VsgKUvrESo3MR5mnh8sgQ1hWYmI1YFsUutDowBIxkobeWRtaRmBqQAtF7XQFW6FWuNA=="
      },
      "Microsoft.EntityFrameworkCore.Relational": {
        "type": "Transitive",
        "resolved": "10.0.4",
        "contentHash": "DOTjTHy93W3TwpMLM4SCm0n57Sc0Jj3+m2S6LSTstKyBB34eT1UouaMS19mpWwvtj42+sRiEjA3+rOTNoNzXFQ==",
        "dependencies": {
          "Microsoft.EntityFrameworkCore": "10.0.4"
        }
      },
      "Microsoft.Extensions.DependencyModel": {
        "type": "Transitive",
        "resolved": "9.0.0",
        "contentHash": "saxr2XzwgDU77LaQfYFXmddEDRUKHF4DaGMZkNB3qjdVSZlax3//dGJagJkKrGMIPNZs2jVFXITyCCR6UHJNdA=="
      },
      "Npgsql": {
        "type": "Transitive",
        "resolved": "10.0.2",
        "contentHash": "q5RfBI+wywJSFUNDE1L4ZbHEHCFTblo8Uf6A6oe4feOUFYiUQXyAf9GBh5qEZpvJaHiEbpBPkQumjEhXCJxdrg=="
      },
      "Npgsql.EntityFrameworkCore.PostgreSQL": {
        "type": "Transitive",
        "resolved": "10.0.1",
        "contentHash": "P6EwH0Q4xkaA264iNZDqCPhWt8pscfUGxXazDQg4noBfqjoOlk4hKWfvBjF9ZX3R/9JybRmmJfmxr2iBMj0EpA==",
        "dependencies": {
          "Microsoft.EntityFrameworkCore": "[10.0.4, 11.0.0)",
          "Microsoft.EntityFrameworkCore.Relational": "[10.0.4, 11.0.0)",
          "Npgsql": "10.0.2"
        }
      },
      "OpenTelemetry": {
        "type": "Transitive",
        "resolved": "1.12.0",
        "contentHash": "aIEu2O3xFOdwIVH0AJsIHPIMH1YuX18nzu7BHyaDNQ6NWSk4Zyrs9Pp6y8SATuSbvdtmvue4mj/QZ3838srbwA==",
        "dependencies": {
          "OpenTelemetry.Api.ProviderBuilderExtensions": "1.12.0"
        }
      },
      "OpenTelemetry.Api": {
        "type": "Transitive",
        "resolved": "1.12.0",
        "contentHash": "Xt0qldi+iE2szGrM3jAqzEMEJd48YBtqI6mge0+ArXTZg3aTpRmyhL6CKKl3bLioaFSSVbBpEbPin8u6Z46Yrw=="
      },
      "OpenTelemetry.Api.ProviderBuilderExtensions": {
        "type": "Transitive",
        "resolved": "1.12.0",
        "contentHash": "t6Vk1143BfiisCWYbRcyzkAuN6Aq5RkYtfOSMoqCIRMvtN9p1e1xzc0nWQ+fccNGOVgHn3aMK5xFn2+iWMcr8A==",
        "dependencies": {
          "OpenTelemetry.Api": "1.12.0"
        }
      },
      "Serilog": {
        "type": "Transitive",
        "resolved": "4.2.0",
        "contentHash": "gmoWVOvKgbME8TYR+gwMf7osROiWAURterc6Rt2dQyX7wtjZYpqFiA/pY6ztjGQKKV62GGCyOcmtP1UKMHgSmA=="
      },
      "Serilog.Extensions.Logging": {
        "type": "Transitive",
        "resolved": "9.0.0",
        "contentHash": "NwSSYqPJeKNzl5AuXVHpGbr6PkZJFlNa14CdIebVjK3k/76kYj/mz5kiTRNVSsSaxM8kAIa1kpy/qyT9E4npRQ==",
        "dependencies": {
          "Serilog": "4.2.0"
        }
      },
      "ingestor.application": {
        "type": "Project",
        "dependencies": {
          "Ingestor.Domain": "[1.0.0, )"
        }
      },
      "ingestor.domain": {
        "type": "Project"
      },
      "ingestor.infrastructure": {
        "type": "Project",
        "dependencies": {
          "Ingestor.Application": "[1.0.0, )",
          "Ingestor.Domain": "[1.0.0, )",
          "Microsoft.EntityFrameworkCore": "[10.0.4, )",
          "Npgsql.EntityFrameworkCore.PostgreSQL": "[10.0.1, )"
        }
      }
    }
  }
}