{
  "version": 1,
  "dependencies": {
    "net10.0": {
      "Microsoft.AspNetCore.App.Internal.Assets": {
        "type": "Direct",
        "requested": "[10.0.4, )",
        "resolved": "10.0.4",
        "contentHash": "M942X5Vy726SlvFBuoAC4cDczEMlPAFt1mmyFlrkw/QcpdVwVU0DkF4P9JabxX6eWNm9RvaYZHe25FN7oXoxpQ=="
      },
      "ingestor.contracts": {
        "type": "Project"
      }
    }
  }
}